
Microsoft Visual Studio Solution File, Format Version 12.00
# Visual Studio 15
VisualStudioVersion = 15.0.28307.1169
MinimumVisualStudioVersion = 10.0.40219.1
Project("{FAE04EC0-301F-11D3-BF4B-00C04F79EFBC}") = "XiaoJinDong", "XiaoJinDong\XiaoJinDong.csproj", "{C81583D9-80E5-4EF3-8534-43D1F34CE445}"
EndProject
Global
	GlobalSection(SolutionConfigurationPlatforms) = preSolution
		Debug|Any CPU = Debug|Any CPU
		Release|Any CPU = Release|Any CPU
	EndGlobalSection
	GlobalSection(ProjectConfigurationPlatforms) = postSolution
		{C81583D9-80E5-4EF3-8534-43D1F34CE445}.Debug|Any CPU.ActiveCfg = Debug|Any CPU
		{C81583D9-80E5-4EF3-8534-43D1F34CE445}.Debug|Any CPU.Build.0 = Debug|Any CPU
		{C81583D9-80E5-4EF3-8534-43D1F34CE445}.Release|Any CPU.ActiveCfg = Release|Any CPU
		{C81583D9-80E5-4EF3-8534-43D1F34CE445}.Release|Any CPU.Build.0 = Release|Any CPU
	EndGlobalSection
	GlobalSection(SolutionProperties) = preSolution
		HideSolutionNode = FALSE
	EndGlobalSection
	GlobalSection(ExtensibilityGlobals) = postSolution
		SolutionGuid = {2532D30C-F36B-471A-83CA-4738892A92D6}
	EndGlobalSection
EndGlobal
